// !$*UTF8*$!
{
	archiveVersion = 1;
	classes = {
	};
	objectVersion = 46;
	objects = {

/* Begin PBXBuildFile section */
		4530E58A1D59D31300A09AF0 /* MenuViewController.swift in Sources */ = {isa = PBXBuildFile; fileRef = 4530E5891D59D31300A09AF0 /* MenuViewController.swift */; };
		453D7EED1D5AC4B3009C1B0D /* NSObject+Rx.swift in Sources */ = {isa = PBXBuildFile; fileRef = 453D7EEC1D5AC4B3009C1B0D /* NSObject+Rx.swift */; };
		453D7EEF1D5ACEF0009C1B0D /* NSObject+objc_Value.swift in Sources */ = {isa = PBXBuildFile; fileRef = 453D7EEE1D5ACEF0009C1B0D /* NSObject+objc_Value.swift */; };
		453D7EF31D5AF682009C1B0D /* UIView+IBInspectable.swift in Sources */ = {isa = PBXBuildFile; fileRef = 453D7EF21D5AF682009C1B0D /* UIView+IBInspectable.swift */; };
		453D7EF61D5B2668009C1B0D /* CoreGraphics+.swift in Sources */ = {isa = PBXBuildFile; fileRef = 453D7EF51D5B2668009C1B0D /* CoreGraphics+.swift */; };
		453D7EFE1D5D601B009C1B0D /* DetailController.swift in Sources */ = {isa = PBXBuildFile; fileRef = 453D7EFD1D5D601B009C1B0D /* DetailController.swift */; };
		453D7F001D5D6040009C1B0D /* HasMenuDetailController.swift in Sources */ = {isa = PBXBuildFile; fileRef = 453D7EFF1D5D6040009C1B0D /* HasMenuDetailController.swift */; };
		453D7F021D5D71B4009C1B0D /* UsersTableViewController.swift in Sources */ = {isa = PBXBuildFile; fileRef = 453D7F011D5D71B4009C1B0D /* UsersTableViewController.swift */; };
		453D7F041D5D957D009C1B0D /* UICollectionViewCell+Rx.swift in Sources */ = {isa = PBXBuildFile; fileRef = 453D7F031D5D957D009C1B0D /* UICollectionViewCell+Rx.swift */; };
		453D7F0A1D5DC680009C1B0D /* Link.swift in Sources */ = {isa = PBXBuildFile; fileRef = 453D7F091D5DC680009C1B0D /* Link.swift */; };
		455239AD1D752C4F0001B534 /* FlatVariable.swift in Sources */ = {isa = PBXBuildFile; fileRef = 455239AC1D752C4F0001B534 /* FlatVariable.swift */; };
		4553EB841D576DA70003368D /* AWSDynamoDB+Rx.swift in Sources */ = {isa = PBXBuildFile; fileRef = 4553EB831D576DA70003368D /* AWSDynamoDB+Rx.swift */; };
		4553EB861D58CCC20003368D /* AWSTask+Rx.swift in Sources */ = {isa = PBXBuildFile; fileRef = 4553EB851D58CCC20003368D /* AWSTask+Rx.swift */; };
		4553EB8D1D58E5240003368D /* Photo.storyboard in Resources */ = {isa = PBXBuildFile; fileRef = 4553EB8C1D58E5240003368D /* Photo.storyboard */; };
		4553EB971D5B5DE00003368D /* AWSMobileClient.swift in Sources */ = {isa = PBXBuildFile; fileRef = 4553EB951D5B5DE00003368D /* AWSMobileClient.swift */; };
		4553EB9D1D5B61C70003368D /* UserInfo.swift in Sources */ = {isa = PBXBuildFile; fileRef = 4553EB9C1D5B61C70003368D /* UserInfo.swift */; };
		4553EB9F1D5B69B90003368D /* AWSMobileClient+.swift in Sources */ = {isa = PBXBuildFile; fileRef = 4553EB9E1D5B69B90003368D /* AWSMobileClient+.swift */; };
		4553EBA11D5B787B0003368D /* AWSIdentityManager+Rx.swift in Sources */ = {isa = PBXBuildFile; fileRef = 4553EBA01D5B787B0003368D /* AWSIdentityManager+Rx.swift */; };
		456447571D5E1B69000BC22A /* Fundation+.swift in Sources */ = {isa = PBXBuildFile; fileRef = 456447561D5E1B69000BC22A /* Fundation+.swift */; };
		456447591D5E1BDB000BC22A /* NSURL+.swift in Sources */ = {isa = PBXBuildFile; fileRef = 456447581D5E1BDB000BC22A /* NSURL+.swift */; };
		4564475B1D60173C000BC22A /* NSJSONSerialization+.swift in Sources */ = {isa = PBXBuildFile; fileRef = 4564475A1D60173C000BC22A /* NSJSONSerialization+.swift */; };
		4564475D1D6017DD000BC22A /* AWSDynamoDBObjectModelType.swift in Sources */ = {isa = PBXBuildFile; fileRef = 4564475C1D6017DD000BC22A /* AWSDynamoDBObjectModelType.swift */; };
		459EFEC01D6BEEC0005557F7 /* AWSMobileHubHelper.framework in Frameworks */ = {isa = PBXBuildFile; fileRef = 4553EB961D5B5DE00003368D /* AWSMobileHubHelper.framework */; };
		45F99D6F1D6BF59D0029EC08 /* AWSModelHasCreationDate.swift in Sources */ = {isa = PBXBuildFile; fileRef = 45F99D6E1D6BF59D0029EC08 /* AWSModelHasCreationDate.swift */; };
		45F99D711D6C2D230029EC08 /* PhotoDetailTableViewController.swift in Sources */ = {isa = PBXBuildFile; fileRef = 45F99D701D6C2D230029EC08 /* PhotoDetailTableViewController.swift */; };
		45F99D731D6C312E0029EC08 /* AddCommentViewController.swift in Sources */ = {isa = PBXBuildFile; fileRef = 45F99D721D6C312E0029EC08 /* AddCommentViewController.swift */; };
		45F99D751D6D6CC10029EC08 /* CellSelfSized.swift in Sources */ = {isa = PBXBuildFile; fileRef = 45F99D741D6D6CC10029EC08 /* CellSelfSized.swift */; };
		45F99D771D6D73280029EC08 /* PhotoTableViewCell.swift in Sources */ = {isa = PBXBuildFile; fileRef = 45F99D761D6D73280029EC08 /* PhotoTableViewCell.swift */; };
		45FBD3C71D52EB4100881DC9 /* AWSCore.framework in Frameworks */ = {isa = PBXBuildFile; fileRef = 45FBD3C21D52EB4100881DC9 /* AWSCore.framework */; };
		45FBD3C81D52EB4100881DC9 /* AWSCore.framework in Embed Frameworks */ = {isa = PBXBuildFile; fileRef = 45FBD3C21D52EB4100881DC9 /* AWSCore.framework */; settings = {ATTRIBUTES = (CodeSignOnCopy, RemoveHeadersOnCopy, ); }; };
		45FBD3C91D52EB4100881DC9 /* AWSDynamoDB.framework in Frameworks */ = {isa = PBXBuildFile; fileRef = 45FBD3C31D52EB4100881DC9 /* AWSDynamoDB.framework */; };
		45FBD3CA1D52EB4100881DC9 /* AWSDynamoDB.framework in Embed Frameworks */ = {isa = PBXBuildFile; fileRef = 45FBD3C31D52EB4100881DC9 /* AWSDynamoDB.framework */; settings = {ATTRIBUTES = (CodeSignOnCopy, RemoveHeadersOnCopy, ); }; };
		45FBD3CB1D52EB4200881DC9 /* AWSLambda.framework in Frameworks */ = {isa = PBXBuildFile; fileRef = 45FBD3C41D52EB4100881DC9 /* AWSLambda.framework */; };
		45FBD3CC1D52EB4200881DC9 /* AWSLambda.framework in Embed Frameworks */ = {isa = PBXBuildFile; fileRef = 45FBD3C41D52EB4100881DC9 /* AWSLambda.framework */; settings = {ATTRIBUTES = (CodeSignOnCopy, RemoveHeadersOnCopy, ); }; };
		45FBD3CD1D52EB4200881DC9 /* AWSS3.framework in Frameworks */ = {isa = PBXBuildFile; fileRef = 45FBD3C51D52EB4100881DC9 /* AWSS3.framework */; };
		45FBD3CE1D52EB4200881DC9 /* AWSS3.framework in Embed Frameworks */ = {isa = PBXBuildFile; fileRef = 45FBD3C51D52EB4100881DC9 /* AWSS3.framework */; settings = {ATTRIBUTES = (CodeSignOnCopy, RemoveHeadersOnCopy, ); }; };
		45FBD3CF1D52EB4200881DC9 /* AWSSNS.framework in Frameworks */ = {isa = PBXBuildFile; fileRef = 45FBD3C61D52EB4100881DC9 /* AWSSNS.framework */; };
		45FBD3D01D52EB4200881DC9 /* AWSSNS.framework in Embed Frameworks */ = {isa = PBXBuildFile; fileRef = 45FBD3C61D52EB4100881DC9 /* AWSSNS.framework */; settings = {ATTRIBUTES = (CodeSignOnCopy, RemoveHeadersOnCopy, ); }; };
		45FBD3D21D52EB8300881DC9 /* AWSCognito.framework in Frameworks */ = {isa = PBXBuildFile; fileRef = 45FBD3D11D52EB8300881DC9 /* AWSCognito.framework */; };
		45FBD3D31D52EB8300881DC9 /* AWSCognito.framework in Embed Frameworks */ = {isa = PBXBuildFile; fileRef = 45FBD3D11D52EB8300881DC9 /* AWSCognito.framework */; settings = {ATTRIBUTES = (CodeSignOnCopy, RemoveHeadersOnCopy, ); }; };
		45FBD3D81D52EBB800881DC9 /* FBSDKCoreKit.framework in Frameworks */ = {isa = PBXBuildFile; fileRef = 45FBD3D61D52EBB800881DC9 /* FBSDKCoreKit.framework */; };
		45FBD3D91D52EBB800881DC9 /* FBSDKLoginKit.framework in Frameworks */ = {isa = PBXBuildFile; fileRef = 45FBD3D71D52EBB800881DC9 /* FBSDKLoginKit.framework */; };
		45FBD3E11D52EBC700881DC9 /* GoogleAppUtilities.framework in Frameworks */ = {isa = PBXBuildFile; fileRef = 45FBD3DA1D52EBC700881DC9 /* GoogleAppUtilities.framework */; };
		45FBD3E21D52EBC700881DC9 /* GoogleAuthUtilities.framework in Frameworks */ = {isa = PBXBuildFile; fileRef = 45FBD3DB1D52EBC700881DC9 /* GoogleAuthUtilities.framework */; };
		45FBD3E31D52EBC700881DC9 /* GoogleNetworkingUtilities.framework in Frameworks */ = {isa = PBXBuildFile; fileRef = 45FBD3DC1D52EBC700881DC9 /* GoogleNetworkingUtilities.framework */; };
		45FBD3E51D52EBC700881DC9 /* GoogleSignIn.framework in Frameworks */ = {isa = PBXBuildFile; fileRef = 45FBD3DE1D52EBC700881DC9 /* GoogleSignIn.framework */; };
		45FBD3E61D52EBC700881DC9 /* GoogleSymbolUtilities.framework in Frameworks */ = {isa = PBXBuildFile; fileRef = 45FBD3DF1D52EBC700881DC9 /* GoogleSymbolUtilities.framework */; };
		45FBD3E71D52EBC700881DC9 /* GoogleUtilities.framework in Frameworks */ = {isa = PBXBuildFile; fileRef = 45FBD3E01D52EBC700881DC9 /* GoogleUtilities.framework */; };
		45FBD3FA1D52F2F200881DC9 /* ConfirmCodeViewController.swift in Sources */ = {isa = PBXBuildFile; fileRef = 45FBD3EB1D52F2F200881DC9 /* ConfirmCodeViewController.swift */; };
		45FBD3FB1D52F2F200881DC9 /* Login.storyboard in Resources */ = {isa = PBXBuildFile; fileRef = 45FBD3EC1D52F2F200881DC9 /* Login.storyboard */; };
		45FBD3FC1D52F2F200881DC9 /* LoginProvider.swift in Sources */ = {isa = PBXBuildFile; fileRef = 45FBD3ED1D52F2F200881DC9 /* LoginProvider.swift */; };
		45FBD3FD1D52F2F200881DC9 /* LoginViewController.swift in Sources */ = {isa = PBXBuildFile; fileRef = 45FBD3EE1D52F2F200881DC9 /* LoginViewController.swift */; };
		45FBD3FE1D52F2F200881DC9 /* SignUpViewController.swift in Sources */ = {isa = PBXBuildFile; fileRef = 45FBD3EF1D52F2F200881DC9 /* SignUpViewController.swift */; };
		45FBD3FF1D52F2F200881DC9 /* ImageCollectionViewCell.swift in Sources */ = {isa = PBXBuildFile; fileRef = 45FBD3F11D52F2F200881DC9 /* ImageCollectionViewCell.swift */; };
		45FBD4001D52F2F200881DC9 /* Main.storyboard in Resources */ = {isa = PBXBuildFile; fileRef = 45FBD3F21D52F2F200881DC9 /* Main.storyboard */; };
		45FBD4021D52F2F200881DC9 /* PhotosCollectionViewController.swift in Sources */ = {isa = PBXBuildFile; fileRef = 45FBD3F41D52F2F200881DC9 /* PhotosCollectionViewController.swift */; };
		45FBD4031D52F2F200881DC9 /* Phpto.swift in Sources */ = {isa = PBXBuildFile; fileRef = 45FBD3F51D52F2F200881DC9 /* Phpto.swift */; };
		45FBD4041D52F2F200881DC9 /* UploadPhotoTableViewController.swift in Sources */ = {isa = PBXBuildFile; fileRef = 45FBD3F61D52F2F200881DC9 /* UploadPhotoTableViewController.swift */; };
		45FBD4051D52F2F200881DC9 /* Push.storyboard in Resources */ = {isa = PBXBuildFile; fileRef = 45FBD3F81D52F2F200881DC9 /* Push.storyboard */; };
		45FBD4061D52F2F200881DC9 /* PushNotificationTableViewController.swift in Sources */ = {isa = PBXBuildFile; fileRef = 45FBD3F91D52F2F200881DC9 /* PushNotificationTableViewController.swift */; };
		45FBD4111D52F30100881DC9 /* AWSS3+.swift in Sources */ = {isa = PBXBuildFile; fileRef = 45FBD40C1D52F30100881DC9 /* AWSS3+.swift */; };
		45FBD4121D52F30100881DC9 /* Queue.swift in Sources */ = {isa = PBXBuildFile; fileRef = 45FBD40E1D52F30100881DC9 /* Queue.swift */; };
		45FBD4131D52FB7200881DC9 /* GoogleSignIn.bundle in Resources */ = {isa = PBXBuildFile; fileRef = 45FBD3DD1D52EBC700881DC9 /* GoogleSignIn.bundle */; };
		45FBD4151D5326C100881DC9 /* AWSCognitoIdentityProvider.framework in Frameworks */ = {isa = PBXBuildFile; fileRef = 45FBD4141D5326C100881DC9 /* AWSCognitoIdentityProvider.framework */; };
		45FBD4161D5326C100881DC9 /* AWSCognitoIdentityProvider.framework in Embed Frameworks */ = {isa = PBXBuildFile; fileRef = 45FBD4141D5326C100881DC9 /* AWSCognitoIdentityProvider.framework */; settings = {ATTRIBUTES = (CodeSignOnCopy, RemoveHeadersOnCopy, ); }; };
		45FBD4181D587B1E00881DC9 /* AWSUserDefaults+.swift in Sources */ = {isa = PBXBuildFile; fileRef = 45FBD4171D587B1E00881DC9 /* AWSUserDefaults+.swift */; };
		45FBD4211D5969A800881DC9 /* InfoPlist.swift in Sources */ = {isa = PBXBuildFile; fileRef = 45FBD4201D5969A800881DC9 /* InfoPlist.swift */; };
		45FBD4241D596CF600881DC9 /* UIImageView+Rx.swift in Sources */ = {isa = PBXBuildFile; fileRef = 45FBD4231D596CF600881DC9 /* UIImageView+Rx.swift */; };
		45FBD4281D59A6DC00881DC9 /* UIKit+.swift in Sources */ = {isa = PBXBuildFile; fileRef = 45FBD4271D59A6DC00881DC9 /* UIKit+.swift */; };
		45FBD42A1D59ADE000881DC9 /* MenuDetailController.swift in Sources */ = {isa = PBXBuildFile; fileRef = 45FBD4291D59ADE000881DC9 /* MenuDetailController.swift */; };
		45FBD42C1D59B3B700881DC9 /* UIViewController+.swift in Sources */ = {isa = PBXBuildFile; fileRef = 45FBD42B1D59B3B700881DC9 /* UIViewController+.swift */; };
		45FC6B0D1D72880E0012D86E /* User.storyboard in Resources */ = {isa = PBXBuildFile; fileRef = 45FC6B0C1D72880E0012D86E /* User.storyboard */; };
		45FC6B0F1D747E3C0012D86E /* UserDetailTableViewController.swift in Sources */ = {isa = PBXBuildFile; fileRef = 45FC6B0E1D747E3C0012D86E /* UserDetailTableViewController.swift */; };
		A3FE18D4CAA66A3632C6CC61 /* Pods_PhotoMap.framework in Frameworks */ = {isa = PBXBuildFile; fileRef = D7A07531829A51A2CC641C00 /* Pods_PhotoMap.framework */; };
		E7A30F04126EE2D400000000 /* UIKit.framework in Frameworks */ = {isa = PBXBuildFile; fileRef = 1DD70E292E1B7F6500000000 /* UIKit.framework */; };
		E7A30F04242D329B00000000 /* Images.xcassets in Resources */ = {isa = PBXBuildFile; fileRef = 1DD70E29B4CF36DF00000000 /* Images.xcassets */; };
		E7A30F042EB4E73C00000000 /* AddressBook.framework in Frameworks */ = {isa = PBXBuildFile; fileRef = 1DD70E297DD588DF00000000 /* AddressBook.framework */; };
		E7A30F045955AE8000000000 /* Launch Screen.storyboard in Resources */ = {isa = PBXBuildFile; fileRef = 1DD70E29386FC04F00000000 /* Launch Screen.storyboard */; };
		E7A30F048DA4F3E600000000 /* CFNetwork.framework in Frameworks */ = {isa = PBXBuildFile; fileRef = 1DD70E291DAC36E300000000 /* CFNetwork.framework */; };
		E7A30F049720E07900000000 /* Foundation.framework in Frameworks */ = {isa = PBXBuildFile; fileRef = 1DD70E29E3C0E6EF00000000 /* Foundation.framework */; };
		E7A30F049F8B7A2800000000 /* libz.tbd in Frameworks */ = {isa = PBXBuildFile; fileRef = 1DD70E299F4343DE00000000 /* libz.tbd */; };
		E7A30F04A657B24500000000 /* MediaPlayer.framework in Frameworks */ = {isa = PBXBuildFile; fileRef = 1DD70E29BD5A638F00000000 /* MediaPlayer.framework */; };
		E7A30F04D24944CE00000000 /* SystemConfiguration.framework in Frameworks */ = {isa = PBXBuildFile; fileRef = 1DD70E29C5043FEB00000000 /* SystemConfiguration.framework */; };
		E7A30F04DE031A1100000000 /* libsqlite3.tbd in Frameworks */ = {isa = PBXBuildFile; fileRef = 1DD70E29E50274D400000000 /* libsqlite3.tbd */; };
		E7A30F04DE05558600000000 /* SafariServices.framework in Frameworks */ = {isa = PBXBuildFile; fileRef = 1DD70E29E240EFC900000000 /* SafariServices.framework */; };
		E7A30F04E96FA50300000000 /* Security.framework in Frameworks */ = {isa = PBXBuildFile; fileRef = 1DD70E29D96D326500000000 /* Security.framework */; };
		E7A30F04F215D26B00000000 /* AppDelegate.swift in Sources */ = {isa = PBXBuildFile; fileRef = 1DD70E29730F990100000000 /* AppDelegate.swift */; };
/* End PBXBuildFile section */

/* Begin PBXCopyFilesBuildPhase section */
		FAF5FAC90000000000000000 /* Embed Frameworks */ = {
			isa = PBXCopyFilesBuildPhase;
			buildActionMask = 2147483647;
			dstPath = "";
			dstSubfolderSpec = 10;
			files = (
				45FBD3D31D52EB8300881DC9 /* AWSCognito.framework in Embed Frameworks */,
				45FBD3CE1D52EB4200881DC9 /* AWSS3.framework in Embed Frameworks */,
				45FBD3D01D52EB4200881DC9 /* AWSSNS.framework in Embed Frameworks */,
				45FBD4161D5326C100881DC9 /* AWSCognitoIdentityProvider.framework in Embed Frameworks */,
				45FBD3CC1D52EB4200881DC9 /* AWSLambda.framework in Embed Frameworks */,
				45FBD3CA1D52EB4100881DC9 /* AWSDynamoDB.framework in Embed Frameworks */,
				45FBD3C81D52EB4100881DC9 /* AWSCore.framework in Embed Frameworks */,
			);
			name = "Embed Frameworks";
			runOnlyForDeploymentPostprocessing = 0;
		};
/* End PBXCopyFilesBuildPhase section */

/* Begin PBXFileReference section */
		1DD70E291DAC36E300000000 /* CFNetwork.framework */ = {isa = PBXFileReference; lastKnownFileType = wrapper.framework; name = CFNetwork.framework; path = System/Library/Frameworks/CFNetwork.framework; sourceTree = SDKROOT; };
		1DD70E292E1B7F6500000000 /* UIKit.framework */ = {isa = PBXFileReference; lastKnownFileType = wrapper.framework; name = UIKit.framework; path = System/Library/Frameworks/UIKit.framework; sourceTree = SDKROOT; };
		1DD70E29386FC04F00000000 /* Launch Screen.storyboard */ = {isa = PBXFileReference; lastKnownFileType = file.storyboard; path = "Launch Screen.storyboard"; sourceTree = "<group>"; };
		1DD70E2970624F6700000000 /* PhotoMap.app */ = {isa = PBXFileReference; explicitFileType = wrapper.application; path = PhotoMap.app; sourceTree = BUILT_PRODUCTS_DIR; };
		1DD70E29730F990100000000 /* AppDelegate.swift */ = {isa = PBXFileReference; lastKnownFileType = sourcecode.swift; path = AppDelegate.swift; sourceTree = "<group>"; };
		1DD70E297DD588DF00000000 /* AddressBook.framework */ = {isa = PBXFileReference; lastKnownFileType = wrapper.framework; name = AddressBook.framework; path = System/Library/Frameworks/AddressBook.framework; sourceTree = SDKROOT; };
		1DD70E299F4343DE00000000 /* libz.tbd */ = {isa = PBXFileReference; lastKnownFileType = "sourcecode.text-based-dylib-definition"; name = libz.tbd; path = usr/lib/libz.tbd; sourceTree = SDKROOT; };
		1DD70E29B4CF36DF00000000 /* Images.xcassets */ = {isa = PBXFileReference; lastKnownFileType = folder.assetcatalog; path = Images.xcassets; sourceTree = "<group>"; };
		1DD70E29BD5A638F00000000 /* MediaPlayer.framework */ = {isa = PBXFileReference; lastKnownFileType = wrapper.framework; name = MediaPlayer.framework; path = System/Library/Frameworks/MediaPlayer.framework; sourceTree = SDKROOT; };
		1DD70E29C5043FEB00000000 /* SystemConfiguration.framework */ = {isa = PBXFileReference; lastKnownFileType = wrapper.framework; name = SystemConfiguration.framework; path = System/Library/Frameworks/SystemConfiguration.framework; sourceTree = SDKROOT; };
		1DD70E29D96D326500000000 /* Security.framework */ = {isa = PBXFileReference; lastKnownFileType = wrapper.framework; name = Security.framework; path = System/Library/Frameworks/Security.framework; sourceTree = SDKROOT; };
		1DD70E29E240EFC900000000 /* SafariServices.framework */ = {isa = PBXFileReference; lastKnownFileType = wrapper.framework; name = SafariServices.framework; path = System/Library/Frameworks/SafariServices.framework; sourceTree = SDKROOT; };
		1DD70E29E3C0E6EF00000000 /* Foundation.framework */ = {isa = PBXFileReference; lastKnownFileType = wrapper.framework; name = Foundation.framework; path = System/Library/Frameworks/Foundation.framework; sourceTree = SDKROOT; };
		1DD70E29E50274D400000000 /* libsqlite3.tbd */ = {isa = PBXFileReference; lastKnownFileType = "sourcecode.text-based-dylib-definition"; name = libsqlite3.tbd; path = usr/lib/libsqlite3.tbd; sourceTree = SDKROOT; };
		1DD70E29F7F866BE00000000 /* Info.plist */ = {isa = PBXFileReference; lastKnownFileType = text.plist.xml; path = Info.plist; sourceTree = "<group>"; };
		29C00F262075FB7CE001A831 /* Pods-PhotoMap.release.xcconfig */ = {isa = PBXFileReference; includeInIndex = 1; lastKnownFileType = text.xcconfig; name = "Pods-PhotoMap.release.xcconfig"; path = "Pods/Target Support Files/Pods-PhotoMap/Pods-PhotoMap.release.xcconfig"; sourceTree = "<group>"; };
		360F7D06CCF31E01A2EEBC65 /* Pods-PhotoMap.debug.xcconfig */ = {isa = PBXFileReference; includeInIndex = 1; lastKnownFileType = text.xcconfig; name = "Pods-PhotoMap.debug.xcconfig"; path = "Pods/Target Support Files/Pods-PhotoMap/Pods-PhotoMap.debug.xcconfig"; sourceTree = "<group>"; };
		4530E5891D59D31300A09AF0 /* MenuViewController.swift */ = {isa = PBXFileReference; fileEncoding = 4; lastKnownFileType = sourcecode.swift; lineEnding = 0; path = MenuViewController.swift; sourceTree = "<group>"; xcLanguageSpecificationIdentifier = xcode.lang.swift; };
		453D7EEC1D5AC4B3009C1B0D /* NSObject+Rx.swift */ = {isa = PBXFileReference; fileEncoding = 4; lastKnownFileType = sourcecode.swift; path = "NSObject+Rx.swift"; sourceTree = "<group>"; };
		453D7EEE1D5ACEF0009C1B0D /* NSObject+objc_Value.swift */ = {isa = PBXFileReference; fileEncoding = 4; lastKnownFileType = sourcecode.swift; path = "NSObject+objc_Value.swift"; sourceTree = "<group>"; };
		453D7EF21D5AF682009C1B0D /* UIView+IBInspectable.swift */ = {isa = PBXFileReference; fileEncoding = 4; lastKnownFileType = sourcecode.swift; path = "UIView+IBInspectable.swift"; sourceTree = "<group>"; };
		453D7EF51D5B2668009C1B0D /* CoreGraphics+.swift */ = {isa = PBXFileReference; fileEncoding = 4; lastKnownFileType = sourcecode.swift; path = "CoreGraphics+.swift"; sourceTree = "<group>"; };
		453D7EFD1D5D601B009C1B0D /* DetailController.swift */ = {isa = PBXFileReference; fileEncoding = 4; lastKnownFileType = sourcecode.swift; lineEnding = 0; path = DetailController.swift; sourceTree = "<group>"; xcLanguageSpecificationIdentifier = xcode.lang.swift; };
		453D7EFF1D5D6040009C1B0D /* HasMenuDetailController.swift */ = {isa = PBXFileReference; fileEncoding = 4; lastKnownFileType = sourcecode.swift; path = HasMenuDetailController.swift; sourceTree = "<group>"; };
		453D7F011D5D71B4009C1B0D /* UsersTableViewController.swift */ = {isa = PBXFileReference; fileEncoding = 4; lastKnownFileType = sourcecode.swift; lineEnding = 0; path = UsersTableViewController.swift; sourceTree = "<group>"; xcLanguageSpecificationIdentifier = xcode.lang.swift; };
		453D7F031D5D957D009C1B0D /* UICollectionViewCell+Rx.swift */ = {isa = PBXFileReference; fileEncoding = 4; lastKnownFileType = sourcecode.swift; path = "UICollectionViewCell+Rx.swift"; sourceTree = "<group>"; };
		453D7F091D5DC680009C1B0D /* Link.swift */ = {isa = PBXFileReference; fileEncoding = 4; lastKnownFileType = sourcecode.swift; lineEnding = 0; path = Link.swift; sourceTree = "<group>"; xcLanguageSpecificationIdentifier = xcode.lang.swift; };
		455239AC1D752C4F0001B534 /* FlatVariable.swift */ = {isa = PBXFileReference; fileEncoding = 4; lastKnownFileType = sourcecode.swift; path = FlatVariable.swift; sourceTree = "<group>"; };
		4553EB831D576DA70003368D /* AWSDynamoDB+Rx.swift */ = {isa = PBXFileReference; fileEncoding = 4; lastKnownFileType = sourcecode.swift; lineEnding = 0; path = "AWSDynamoDB+Rx.swift"; sourceTree = "<group>"; xcLanguageSpecificationIdentifier = xcode.lang.swift; };
		4553EB851D58CCC20003368D /* AWSTask+Rx.swift */ = {isa = PBXFileReference; fileEncoding = 4; lastKnownFileType = sourcecode.swift; path = "AWSTask+Rx.swift"; sourceTree = "<group>"; };
		4553EB8C1D58E5240003368D /* Photo.storyboard */ = {isa = PBXFileReference; fileEncoding = 4; lastKnownFileType = file.storyboard; path = Photo.storyboard; sourceTree = "<group>"; };
		4553EB951D5B5DE00003368D /* AWSMobileClient.swift */ = {isa = PBXFileReference; fileEncoding = 4; lastKnownFileType = sourcecode.swift; path = AWSMobileClient.swift; sourceTree = "<group>"; };
		4553EB961D5B5DE00003368D /* AWSMobileHubHelper.framework */ = {isa = PBXFileReference; lastKnownFileType = wrapper.framework; name = AWSMobileHubHelper.framework; path = PhotoMap/SupportingFiles/AmazonAws/AWSMobileHubHelper.framework; sourceTree = "<group>"; };
		4553EB9C1D5B61C70003368D /* UserInfo.swift */ = {isa = PBXFileReference; fileEncoding = 4; lastKnownFileType = sourcecode.swift; lineEnding = 0; path = UserInfo.swift; sourceTree = "<group>"; xcLanguageSpecificationIdentifier = xcode.lang.swift; };
		4553EB9E1D5B69B90003368D /* AWSMobileClient+.swift */ = {isa = PBXFileReference; fileEncoding = 4; lastKnownFileType = sourcecode.swift; lineEnding = 0; path = "AWSMobileClient+.swift"; sourceTree = "<group>"; xcLanguageSpecificationIdentifier = xcode.lang.swift; };
		4553EBA01D5B787B0003368D /* AWSIdentityManager+Rx.swift */ = {isa = PBXFileReference; fileEncoding = 4; lastKnownFileType = sourcecode.swift; path = "AWSIdentityManager+Rx.swift"; sourceTree = "<group>"; };
		455B30101D8A9E510078E29C /* PhotoMap.entitlements */ = {isa = PBXFileReference; lastKnownFileType = text.plist.entitlements; name = PhotoMap.entitlements; path = ../PhotoMap.entitlements; sourceTree = "<group>"; };
		456447561D5E1B69000BC22A /* Fundation+.swift */ = {isa = PBXFileReference; fileEncoding = 4; lastKnownFileType = sourcecode.swift; path = "Fundation+.swift"; sourceTree = "<group>"; };
		456447581D5E1BDB000BC22A /* NSURL+.swift */ = {isa = PBXFileReference; fileEncoding = 4; lastKnownFileType = sourcecode.swift; path = "NSURL+.swift"; sourceTree = "<group>"; };
		4564475A1D60173C000BC22A /* NSJSONSerialization+.swift */ = {isa = PBXFileReference; fileEncoding = 4; lastKnownFileType = sourcecode.swift; path = "NSJSONSerialization+.swift"; sourceTree = "<group>"; };
		4564475C1D6017DD000BC22A /* AWSDynamoDBObjectModelType.swift */ = {isa = PBXFileReference; fileEncoding = 4; lastKnownFileType = sourcecode.swift; lineEnding = 0; path = AWSDynamoDBObjectModelType.swift; sourceTree = "<group>"; xcLanguageSpecificationIdentifier = xcode.lang.swift; };
		45F99D6E1D6BF59D0029EC08 /* AWSModelHasCreationDate.swift */ = {isa = PBXFileReference; fileEncoding = 4; lastKnownFileType = sourcecode.swift; path = AWSModelHasCreationDate.swift; sourceTree = "<group>"; };
		45F99D701D6C2D230029EC08 /* PhotoDetailTableViewController.swift */ = {isa = PBXFileReference; fileEncoding = 4; lastKnownFileType = sourcecode.swift; path = PhotoDetailTableViewController.swift; sourceTree = "<group>"; };
		45F99D721D6C312E0029EC08 /* AddCommentViewController.swift */ = {isa = PBXFileReference; fileEncoding = 4; lastKnownFileType = sourcecode.swift; path = AddCommentViewController.swift; sourceTree = "<group>"; };
		45F99D741D6D6CC10029EC08 /* CellSelfSized.swift */ = {isa = PBXFileReference; fileEncoding = 4; lastKnownFileType = sourcecode.swift; path = CellSelfSized.swift; sourceTree = "<group>"; };
		45F99D761D6D73280029EC08 /* PhotoTableViewCell.swift */ = {isa = PBXFileReference; fileEncoding = 4; lastKnownFileType = sourcecode.swift; path = PhotoTableViewCell.swift; sourceTree = "<group>"; };
		45FBD3C21D52EB4100881DC9 /* AWSCore.framework */ = {isa = PBXFileReference; lastKnownFileType = wrapper.framework; name = AWSCore.framework; path = PhotoMap/Sdk/Aws/AWSCore.framework; sourceTree = "<group>"; };
		45FBD3C31D52EB4100881DC9 /* AWSDynamoDB.framework */ = {isa = PBXFileReference; lastKnownFileType = wrapper.framework; name = AWSDynamoDB.framework; path = PhotoMap/Sdk/Aws/AWSDynamoDB.framework; sourceTree = "<group>"; };
		45FBD3C41D52EB4100881DC9 /* AWSLambda.framework */ = {isa = PBXFileReference; lastKnownFileType = wrapper.framework; name = AWSLambda.framework; path = PhotoMap/Sdk/Aws/AWSLambda.framework; sourceTree = "<group>"; };
		45FBD3C51D52EB4100881DC9 /* AWSS3.framework */ = {isa = PBXFileReference; lastKnownFileType = wrapper.framework; name = AWSS3.framework; path = PhotoMap/Sdk/Aws/AWSS3.framework; sourceTree = "<group>"; };
		45FBD3C61D52EB4100881DC9 /* AWSSNS.framework */ = {isa = PBXFileReference; lastKnownFileType = wrapper.framework; name = AWSSNS.framework; path = PhotoMap/Sdk/Aws/AWSSNS.framework; sourceTree = "<group>"; };
		45FBD3D11D52EB8300881DC9 /* AWSCognito.framework */ = {isa = PBXFileReference; lastKnownFileType = wrapper.framework; name = AWSCognito.framework; path = PhotoMap/Sdk/Aws/extras/AWSCognito.framework; sourceTree = "<group>"; };
		45FBD3D61D52EBB800881DC9 /* FBSDKCoreKit.framework */ = {isa = PBXFileReference; lastKnownFileType = wrapper.framework; name = FBSDKCoreKit.framework; path = PhotoMap/Sdk/Facebook/FBSDKCoreKit.framework; sourceTree = "<group>"; };
		45FBD3D71D52EBB800881DC9 /* FBSDKLoginKit.framework */ = {isa = PBXFileReference; lastKnownFileType = wrapper.framework; name = FBSDKLoginKit.framework; path = PhotoMap/Sdk/Facebook/FBSDKLoginKit.framework; sourceTree = "<group>"; };
		45FBD3DA1D52EBC700881DC9 /* GoogleAppUtilities.framework */ = {isa = PBXFileReference; lastKnownFileType = wrapper.framework; name = GoogleAppUtilities.framework; path = PhotoMap/Sdk/Google/GoogleAppUtilities.framework; sourceTree = "<group>"; };
		45FBD3DB1D52EBC700881DC9 /* GoogleAuthUtilities.framework */ = {isa = PBXFileReference; lastKnownFileType = wrapper.framework; name = GoogleAuthUtilities.framework; path = PhotoMap/Sdk/Google/GoogleAuthUtilities.framework; sourceTree = "<group>"; };
		45FBD3DC1D52EBC700881DC9 /* GoogleNetworkingUtilities.framework */ = {isa = PBXFileReference; lastKnownFileType = wrapper.framework; name = GoogleNetworkingUtilities.framework; path = PhotoMap/Sdk/Google/GoogleNetworkingUtilities.framework; sourceTree = "<group>"; };
		45FBD3DD1D52EBC700881DC9 /* GoogleSignIn.bundle */ = {isa = PBXFileReference; lastKnownFileType = "wrapper.plug-in"; name = GoogleSignIn.bundle; path = PhotoMap/Sdk/Google/GoogleSignIn.bundle; sourceTree = "<group>"; };
		45FBD3DE1D52EBC700881DC9 /* GoogleSignIn.framework */ = {isa = PBXFileReference; lastKnownFileType = wrapper.framework; name = GoogleSignIn.framework; path = PhotoMap/Sdk/Google/GoogleSignIn.framework; sourceTree = "<group>"; };
		45FBD3DF1D52EBC700881DC9 /* GoogleSymbolUtilities.framework */ = {isa = PBXFileReference; lastKnownFileType = wrapper.framework; name = GoogleSymbolUtilities.framework; path = PhotoMap/Sdk/Google/GoogleSymbolUtilities.framework; sourceTree = "<group>"; };
		45FBD3E01D52EBC700881DC9 /* GoogleUtilities.framework */ = {isa = PBXFileReference; lastKnownFileType = wrapper.framework; name = GoogleUtilities.framework; path = PhotoMap/Sdk/Google/GoogleUtilities.framework; sourceTree = "<group>"; };
		45FBD3EB1D52F2F200881DC9 /* ConfirmCodeViewController.swift */ = {isa = PBXFileReference; fileEncoding = 4; lastKnownFileType = sourcecode.swift; path = ConfirmCodeViewController.swift; sourceTree = "<group>"; };
		45FBD3EC1D52F2F200881DC9 /* Login.storyboard */ = {isa = PBXFileReference; fileEncoding = 4; lastKnownFileType = file.storyboard; path = Login.storyboard; sourceTree = "<group>"; };
		45FBD3ED1D52F2F200881DC9 /* LoginProvider.swift */ = {isa = PBXFileReference; fileEncoding = 4; lastKnownFileType = sourcecode.swift; path = LoginProvider.swift; sourceTree = "<group>"; };
		45FBD3EE1D52F2F200881DC9 /* LoginViewController.swift */ = {isa = PBXFileReference; fileEncoding = 4; lastKnownFileType = sourcecode.swift; path = LoginViewController.swift; sourceTree = "<group>"; };
		45FBD3EF1D52F2F200881DC9 /* SignUpViewController.swift */ = {isa = PBXFileReference; fileEncoding = 4; lastKnownFileType = sourcecode.swift; path = SignUpViewController.swift; sourceTree = "<group>"; };
		45FBD3F11D52F2F200881DC9 /* ImageCollectionViewCell.swift */ = {isa = PBXFileReference; fileEncoding = 4; lastKnownFileType = sourcecode.swift; path = ImageCollectionViewCell.swift; sourceTree = "<group>"; };
		45FBD3F21D52F2F200881DC9 /* Main.storyboard */ = {isa = PBXFileReference; fileEncoding = 4; lastKnownFileType = file.storyboard; path = Main.storyboard; sourceTree = "<group>"; };
		45FBD3F41D52F2F200881DC9 /* PhotosCollectionViewController.swift */ = {isa = PBXFileReference; fileEncoding = 4; lastKnownFileType = sourcecode.swift; path = PhotosCollectionViewController.swift; sourceTree = "<group>"; };
		45FBD3F51D52F2F200881DC9 /* Phpto.swift */ = {isa = PBXFileReference; fileEncoding = 4; lastKnownFileType = sourcecode.swift; lineEnding = 0; path = Phpto.swift; sourceTree = "<group>"; xcLanguageSpecificationIdentifier = xcode.lang.swift; };
		45FBD3F61D52F2F200881DC9 /* UploadPhotoTableViewController.swift */ = {isa = PBXFileReference; fileEncoding = 4; lastKnownFileType = sourcecode.swift; path = UploadPhotoTableViewController.swift; sourceTree = "<group>"; };
		45FBD3F81D52F2F200881DC9 /* Push.storyboard */ = {isa = PBXFileReference; fileEncoding = 4; lastKnownFileType = file.storyboard; path = Push.storyboard; sourceTree = "<group>"; };
		45FBD3F91D52F2F200881DC9 /* PushNotificationTableViewController.swift */ = {isa = PBXFileReference; fileEncoding = 4; lastKnownFileType = sourcecode.swift; path = PushNotificationTableViewController.swift; sourceTree = "<group>"; };
		45FBD40C1D52F30100881DC9 /* AWSS3+.swift */ = {isa = PBXFileReference; fileEncoding = 4; lastKnownFileType = sourcecode.swift; lineEnding = 0; path = "AWSS3+.swift"; sourceTree = "<group>"; xcLanguageSpecificationIdentifier = xcode.lang.swift; };
		45FBD40E1D52F30100881DC9 /* Queue.swift */ = {isa = PBXFileReference; fileEncoding = 4; lastKnownFileType = sourcecode.swift; path = Queue.swift; sourceTree = "<group>"; };
		45FBD4141D5326C100881DC9 /* AWSCognitoIdentityProvider.framework */ = {isa = PBXFileReference; lastKnownFileType = wrapper.framework; name = AWSCognitoIdentityProvider.framework; path = PhotoMap/Sdk/Aws/AWSCognitoIdentityProvider.framework; sourceTree = "<group>"; };
		45FBD4171D587B1E00881DC9 /* AWSUserDefaults+.swift */ = {isa = PBXFileReference; fileEncoding = 4; lastKnownFileType = sourcecode.swift; path = "AWSUserDefaults+.swift"; sourceTree = "<group>"; };
		45FBD4201D5969A800881DC9 /* InfoPlist.swift */ = {isa = PBXFileReference; fileEncoding = 4; lastKnownFileType = sourcecode.swift; path = InfoPlist.swift; sourceTree = "<group>"; };
		45FBD4231D596CF600881DC9 /* UIImageView+Rx.swift */ = {isa = PBXFileReference; fileEncoding = 4; lastKnownFileType = sourcecode.swift; path = "UIImageView+Rx.swift"; sourceTree = "<group>"; };
		45FBD4271D59A6DC00881DC9 /* UIKit+.swift */ = {isa = PBXFileReference; fileEncoding = 4; lastKnownFileType = sourcecode.swift; path = "UIKit+.swift"; sourceTree = "<group>"; };
		45FBD4291D59ADE000881DC9 /* MenuDetailController.swift */ = {isa = PBXFileReference; fileEncoding = 4; lastKnownFileType = sourcecode.swift; lineEnding = 0; path = MenuDetailController.swift; sourceTree = "<group>"; xcLanguageSpecificationIdentifier = xcode.lang.swift; };
		45FBD42B1D59B3B700881DC9 /* UIViewController+.swift */ = {isa = PBXFileReference; fileEncoding = 4; lastKnownFileType = sourcecode.swift; path = "UIViewController+.swift"; sourceTree = "<group>"; };
		45FC6B0C1D72880E0012D86E /* User.storyboard */ = {isa = PBXFileReference; fileEncoding = 4; lastKnownFileType = file.storyboard; path = User.storyboard; sourceTree = "<group>"; };
		45FC6B0E1D747E3C0012D86E /* UserDetailTableViewController.swift */ = {isa = PBXFileReference; fileEncoding = 4; lastKnownFileType = sourcecode.swift; path = UserDetailTableViewController.swift; sourceTree = "<group>"; };
		D7A07531829A51A2CC641C00 /* Pods_PhotoMap.framework */ = {isa = PBXFileReference; explicitFileType = wrapper.framework; includeInIndex = 0; path = Pods_PhotoMap.framework; sourceTree = BUILT_PRODUCTS_DIR; };
/* End PBXFileReference section */

/* Begin PBXFrameworksBuildPhase section */
		4F426D880000000000000000 /* Frameworks */ = {
			isa = PBXFrameworksBuildPhase;
			buildActionMask = 2147483647;
			files = (
				459EFEC01D6BEEC0005557F7 /* AWSMobileHubHelper.framework in Frameworks */,
				45FBD3E11D52EBC700881DC9 /* GoogleAppUtilities.framework in Frameworks */,
				45FBD3E21D52EBC700881DC9 /* GoogleAuthUtilities.framework in Frameworks */,
				45FBD3E31D52EBC700881DC9 /* GoogleNetworkingUtilities.framework in Frameworks */,
				45FBD3E51D52EBC700881DC9 /* GoogleSignIn.framework in Frameworks */,
				45FBD3E61D52EBC700881DC9 /* GoogleSymbolUtilities.framework in Frameworks */,
				45FBD3E71D52EBC700881DC9 /* GoogleUtilities.framework in Frameworks */,
				45FBD3D81D52EBB800881DC9 /* FBSDKCoreKit.framework in Frameworks */,
				45FBD4151D5326C100881DC9 /* AWSCognitoIdentityProvider.framework in Frameworks */,
				45FBD3D91D52EBB800881DC9 /* FBSDKLoginKit.framework in Frameworks */,
				E7A30F04126EE2D400000000 /* UIKit.framework in Frameworks */,
				45FBD3CF1D52EB4200881DC9 /* AWSSNS.framework in Frameworks */,
				45FBD3C71D52EB4100881DC9 /* AWSCore.framework in Frameworks */,
				E7A30F04D24944CE00000000 /* SystemConfiguration.framework in Frameworks */,
				45FBD3CB1D52EB4200881DC9 /* AWSLambda.framework in Frameworks */,
				E7A30F04E96FA50300000000 /* Security.framework in Frameworks */,
				E7A30F048DA4F3E600000000 /* CFNetwork.framework in Frameworks */,
				E7A30F049F8B7A2800000000 /* libz.tbd in Frameworks */,
				E7A30F04DE031A1100000000 /* libsqlite3.tbd in Frameworks */,
				E7A30F049720E07900000000 /* Foundation.framework in Frameworks */,
				E7A30F04A657B24500000000 /* MediaPlayer.framework in Frameworks */,
				45FBD3CD1D52EB4200881DC9 /* AWSS3.framework in Frameworks */,
				E7A30F042EB4E73C00000000 /* AddressBook.framework in Frameworks */,
				45FBD3C91D52EB4100881DC9 /* AWSDynamoDB.framework in Frameworks */,
				45FBD3D21D52EB8300881DC9 /* AWSCognito.framework in Frameworks */,
				E7A30F04DE05558600000000 /* SafariServices.framework in Frameworks */,
				A3FE18D4CAA66A3632C6CC61 /* Pods_PhotoMap.framework in Frameworks */,
			);
			runOnlyForDeploymentPostprocessing = 0;
		};
/* End PBXFrameworksBuildPhase section */

/* Begin PBXGroup section */
		0837A756547704F6037D80DE /* Pods */ = {
			isa = PBXGroup;
			children = (
				360F7D06CCF31E01A2EEBC65 /* Pods-PhotoMap.debug.xcconfig */,
				29C00F262075FB7CE001A831 /* Pods-PhotoMap.release.xcconfig */,
			);
			name = Pods;
			sourceTree = "<group>";
		};
		453D7EF41D5B261F009C1B0D /* CoreGraphics+ */ = {
			isa = PBXGroup;
			children = (
				453D7EF51D5B2668009C1B0D /* CoreGraphics+.swift */,
			);
			path = "CoreGraphics+";
			sourceTree = "<group>";
		};
		4553EB891D58E43B0003368D /* Photo */ = {
			isa = PBXGroup;
			children = (
				45FBD3F51D52F2F200881DC9 /* Phpto.swift */,
				4553EB8C1D58E5240003368D /* Photo.storyboard */,
				45FBD3F11D52F2F200881DC9 /* ImageCollectionViewCell.swift */,
				45FBD3F41D52F2F200881DC9 /* PhotosCollectionViewController.swift */,
				45FBD3F61D52F2F200881DC9 /* UploadPhotoTableViewController.swift */,
				45F99D701D6C2D230029EC08 /* PhotoDetailTableViewController.swift */,
				45F99D761D6D73280029EC08 /* PhotoTableViewCell.swift */,
				45F99D721D6C312E0029EC08 /* AddCommentViewController.swift */,
			);
			path = Photo;
			sourceTree = "<group>";
		};
		4553EB941D5B5DE00003368D /* AmazonAws */ = {
			isa = PBXGroup;
			children = (
				4553EB951D5B5DE00003368D /* AWSMobileClient.swift */,
				4553EB9E1D5B69B90003368D /* AWSMobileClient+.swift */,
			);
			path = AmazonAws;
			sourceTree = "<group>";
		};
		45FBD3E81D52F19500881DC9 /* SupportingFiles */ = {
			isa = PBXGroup;
			children = (
				4553EB941D5B5DE00003368D /* AmazonAws */,
				1DD70E29730F990100000000 /* AppDelegate.swift */,
				1DD70E29F7F866BE00000000 /* Info.plist */,
				455B30101D8A9E510078E29C /* PhotoMap.entitlements */,
				1DD70E29B4CF36DF00000000 /* Images.xcassets */,
				1DD70E29386FC04F00000000 /* Launch Screen.storyboard */,
			);
			path = SupportingFiles;
			sourceTree = "<group>";
		};
		45FBD3E91D52F2F200881DC9 /* Storyboard */ = {
			isa = PBXGroup;
			children = (
				45FBD3F01D52F2F200881DC9 /* Main */,
				45FC6B0B1D7287E20012D86E /* User */,
				4553EB891D58E43B0003368D /* Photo */,
				45FBD3EA1D52F2F200881DC9 /* Login */,
				45FBD3F71D52F2F200881DC9 /* Push */,
			);
			path = Storyboard;
			sourceTree = "<group>";
		};
		45FBD3EA1D52F2F200881DC9 /* Login */ = {
			isa = PBXGroup;
			children = (
				45FBD3EC1D52F2F200881DC9 /* Login.storyboard */,
				45FBD3EE1D52F2F200881DC9 /* LoginViewController.swift */,
				45FBD3ED1D52F2F200881DC9 /* LoginProvider.swift */,
				45FBD3EF1D52F2F200881DC9 /* SignUpViewController.swift */,
				45FBD3EB1D52F2F200881DC9 /* ConfirmCodeViewController.swift */,
			);
			path = Login;
			sourceTree = "<group>";
		};
		45FBD3F01D52F2F200881DC9 /* Main */ = {
			isa = PBXGroup;
			children = (
				45FBD3F21D52F2F200881DC9 /* Main.storyboard */,
				453D7EFF1D5D6040009C1B0D /* HasMenuDetailController.swift */,
				45FBD4291D59ADE000881DC9 /* MenuDetailController.swift */,
				4530E5891D59D31300A09AF0 /* MenuViewController.swift */,
				453D7EFD1D5D601B009C1B0D /* DetailController.swift */,
				45FBD42B1D59B3B700881DC9 /* UIViewController+.swift */,
			);
			path = Main;
			sourceTree = "<group>";
		};
		45FBD3F71D52F2F200881DC9 /* Push */ = {
			isa = PBXGroup;
			children = (
				453D7F091D5DC680009C1B0D /* Link.swift */,
				45FBD3F81D52F2F200881DC9 /* Push.storyboard */,
				45FBD3F91D52F2F200881DC9 /* PushNotificationTableViewController.swift */,
			);
			path = Push;
			sourceTree = "<group>";
		};
		45FBD4071D52F30100881DC9 /* Framework+ */ = {
			isa = PBXGroup;
			children = (
				453D7EF41D5B261F009C1B0D /* CoreGraphics+ */,
				45FBD4221D596CCB00881DC9 /* Rx+ */,
				45FBD40B1D52F30100881DC9 /* AWS+ */,
				45FBD40D1D52F30100881DC9 /* Fundation+ */,
				45FBD4261D59A6B900881DC9 /* UIKit+ */,
			);
			path = "Framework+";
			sourceTree = "<group>";
		};
		45FBD40B1D52F30100881DC9 /* AWS+ */ = {
			isa = PBXGroup;
			children = (
				45FBD40C1D52F30100881DC9 /* AWSS3+.swift */,
				4553EB831D576DA70003368D /* AWSDynamoDB+Rx.swift */,
				45F99D6E1D6BF59D0029EC08 /* AWSModelHasCreationDate.swift */,
				4564475C1D6017DD000BC22A /* AWSDynamoDBObjectModelType.swift */,
				4553EBA01D5B787B0003368D /* AWSIdentityManager+Rx.swift */,
				4553EB851D58CCC20003368D /* AWSTask+Rx.swift */,
				45FBD4171D587B1E00881DC9 /* AWSUserDefaults+.swift */,
			);
			path = "AWS+";
			sourceTree = "<group>";
		};
		45FBD40D1D52F30100881DC9 /* Fundation+ */ = {
			isa = PBXGroup;
			children = (
				456447561D5E1B69000BC22A /* Fundation+.swift */,
				4564475A1D60173C000BC22A /* NSJSONSerialization+.swift */,
				45FBD40E1D52F30100881DC9 /* Queue.swift */,
				45FBD4201D5969A800881DC9 /* InfoPlist.swift */,
				453D7EEE1D5ACEF0009C1B0D /* NSObject+objc_Value.swift */,
				456447581D5E1BDB000BC22A /* NSURL+.swift */,
			);
			path = "Fundation+";
			sourceTree = "<group>";
		};
		45FBD4221D596CCB00881DC9 /* Rx+ */ = {
			isa = PBXGroup;
			children = (
				455239AC1D752C4F0001B534 /* FlatVariable.swift */,
				45FBD4231D596CF600881DC9 /* UIImageView+Rx.swift */,
				453D7EEC1D5AC4B3009C1B0D /* NSObject+Rx.swift */,
				453D7F031D5D957D009C1B0D /* UICollectionViewCell+Rx.swift */,
			);
			path = "Rx+";
			sourceTree = "<group>";
		};
		45FBD4261D59A6B900881DC9 /* UIKit+ */ = {
			isa = PBXGroup;
			children = (
				45FBD4271D59A6DC00881DC9 /* UIKit+.swift */,
				453D7EF21D5AF682009C1B0D /* UIView+IBInspectable.swift */,
				45F99D741D6D6CC10029EC08 /* CellSelfSized.swift */,
			);
			path = "UIKit+";
			sourceTree = "<group>";
		};
		45FC6B0B1D7287E20012D86E /* User */ = {
			isa = PBXGroup;
			children = (
				4553EB9C1D5B61C70003368D /* UserInfo.swift */,
				45FC6B0C1D72880E0012D86E /* User.storyboard */,
				453D7F011D5D71B4009C1B0D /* UsersTableViewController.swift */,
				45FC6B0E1D747E3C0012D86E /* UserDetailTableViewController.swift */,
			);
			path = User;
			sourceTree = "<group>";
		};
		B401C979355E524100000000 /* Frameworks */ = {
			isa = PBXGroup;
			children = (
				4553EB961D5B5DE00003368D /* AWSMobileHubHelper.framework */,
				45FBD4141D5326C100881DC9 /* AWSCognitoIdentityProvider.framework */,
				45FBD3D11D52EB8300881DC9 /* AWSCognito.framework */,
				45FBD3C21D52EB4100881DC9 /* AWSCore.framework */,
				45FBD3C31D52EB4100881DC9 /* AWSDynamoDB.framework */,
				45FBD3C41D52EB4100881DC9 /* AWSLambda.framework */,
				45FBD3C51D52EB4100881DC9 /* AWSS3.framework */,
				45FBD3C61D52EB4100881DC9 /* AWSSNS.framework */,
				45FBD3DA1D52EBC700881DC9 /* GoogleAppUtilities.framework */,
				45FBD3DB1D52EBC700881DC9 /* GoogleAuthUtilities.framework */,
				45FBD3DC1D52EBC700881DC9 /* GoogleNetworkingUtilities.framework */,
				45FBD3DD1D52EBC700881DC9 /* GoogleSignIn.bundle */,
				45FBD3DE1D52EBC700881DC9 /* GoogleSignIn.framework */,
				45FBD3DF1D52EBC700881DC9 /* GoogleSymbolUtilities.framework */,
				45FBD3E01D52EBC700881DC9 /* GoogleUtilities.framework */,
				45FBD3D61D52EBB800881DC9 /* FBSDKCoreKit.framework */,
				45FBD3D71D52EBB800881DC9 /* FBSDKLoginKit.framework */,
				1DD70E297DD588DF00000000 /* AddressBook.framework */,
				1DD70E291DAC36E300000000 /* CFNetwork.framework */,
				1DD70E29E3C0E6EF00000000 /* Foundation.framework */,
				1DD70E29BD5A638F00000000 /* MediaPlayer.framework */,
				1DD70E29E240EFC900000000 /* SafariServices.framework */,
				1DD70E29D96D326500000000 /* Security.framework */,
				1DD70E29C5043FEB00000000 /* SystemConfiguration.framework */,
				1DD70E292E1B7F6500000000 /* UIKit.framework */,
				1DD70E29E50274D400000000 /* libsqlite3.tbd */,
				1DD70E299F4343DE00000000 /* libz.tbd */,
				D7A07531829A51A2CC641C00 /* Pods_PhotoMap.framework */,
			);
			name = Frameworks;
			sourceTree = "<group>";
		};
		B401C979357724D400000000 /* Products */ = {
			isa = PBXGroup;
			children = (
				1DD70E2970624F6700000000 /* PhotoMap.app */,
			);
			name = Products;
			sourceTree = "<group>";
		};
		B401C9794430F44E00000000 /* mainGroup */ = {
			isa = PBXGroup;
			children = (
				B401C97945C244F200000000 /* PhotoMap */,
				B401C979355E524100000000 /* Frameworks */,
				B401C979357724D400000000 /* Products */,
				0837A756547704F6037D80DE /* Pods */,
			);
			name = mainGroup;
			sourceTree = "<group>";
		};
		B401C97945C244F200000000 /* PhotoMap */ = {
			isa = PBXGroup;
			children = (
				45FBD3E91D52F2F200881DC9 /* Storyboard */,
				45FBD4071D52F30100881DC9 /* Framework+ */,
				45FBD3E81D52F19500881DC9 /* SupportingFiles */,
			);
			path = PhotoMap;
			sourceTree = SOURCE_ROOT;
		};
/* End PBXGroup section */

/* Begin PBXNativeTarget section */
		E66DC04E0000000000000000 /* PhotoMap */ = {
			isa = PBXNativeTarget;
			buildConfigurationList = 218C37090000000000000001 /* Build configuration list for PBXNativeTarget "PhotoMap" */;
			buildPhases = (
				67214939EE5CB5AA816A80BA /* [CP] Check Pods Manifest.lock */,
				E1F174220000000000000001 /* ShellScript */,
				1870857F0000000000000000 /* Sources */,
				4F426D880000000000000000 /* Frameworks */,
				8A032D2C0000000000000000 /* Resources */,
				FAF5FAC90000000000000000 /* Embed Frameworks */,
				E1F174220000000000000000 /* ShellScript */,
				5F3252641D4F01C11138C562 /* [CP] Embed Pods Frameworks */,
				ADBA9A772F2D450B8CD97BE7 /* [CP] Copy Pods Resources */,
				925865E813B72A0515919B49 /* Embed Pods Frameworks */,
			);
			buildRules = (
			);
			dependencies = (
			);
			name = PhotoMap;
			productName = MySampleApp;
			productReference = 1DD70E2970624F6700000000 /* PhotoMap.app */;
			productType = "com.apple.product-type.application";
		};
/* End PBXNativeTarget section */

/* Begin PBXProject section */
		96C847930000000000000000 /* Project object */ = {
			isa = PBXProject;
			attributes = {
				LastSwiftUpdateCheck = 0700;
				LastUpgradeCheck = 0800;
				TargetAttributes = {
					E66DC04E0000000000000000 = {
						DevelopmentTeam = 6BDKUNMM63;
						LastSwiftMigration = 0800;
						SystemCapabilities = {
							com.apple.Push = {
								enabled = 1;
							};
						};
					};
				};
			};
			buildConfigurationList = 218C37090000000000000000 /* Build configuration list for PBXProject "PhotoMap" */;
			compatibilityVersion = "Xcode 3.2";
			developmentRegion = English;
			hasScannedForEncodings = 0;
			knownRegions = (
				en,
				Base,
			);
			mainGroup = B401C9794430F44E00000000 /* mainGroup */;
			productRefGroup = B401C979357724D400000000 /* Products */;
			projectDirPath = "";
			projectRoot = "";
			targets = (
				E66DC04E0000000000000000 /* PhotoMap */,
			);
		};
/* End PBXProject section */

/* Begin PBXResourcesBuildPhase section */
		8A032D2C0000000000000000 /* Resources */ = {
			isa = PBXResourcesBuildPhase;
			buildActionMask = 2147483647;
			files = (
				4553EB8D1D58E5240003368D /* Photo.storyboard in Resources */,
				45FBD4131D52FB7200881DC9 /* GoogleSignIn.bundle in Resources */,
				E7A30F045955AE8000000000 /* Launch Screen.storyboard in Resources */,
				E7A30F04242D329B00000000 /* Images.xcassets in Resources */,
				45FBD3FB1D52F2F200881DC9 /* Login.storyboard in Resources */,
				45FC6B0D1D72880E0012D86E /* User.storyboard in Resources */,
				45FBD4051D52F2F200881DC9 /* Push.storyboard in Resources */,
				45FBD4001D52F2F200881DC9 /* Main.storyboard in Resources */,
			);
			runOnlyForDeploymentPostprocessing = 0;
		};
/* End PBXResourcesBuildPhase section */

/* Begin PBXShellScriptBuildPhase section */
		5F3252641D4F01C11138C562 /* [CP] Embed Pods Frameworks */ = {
			isa = PBXShellScriptBuildPhase;
			buildActionMask = 2147483647;
			files = (
			);
			inputPaths = (
			);
			name = "[CP] Embed Pods Frameworks";
			outputPaths = (
			);
			runOnlyForDeploymentPostprocessing = 0;
			shellPath = /bin/sh;
			shellScript = "\"${SRCROOT}/Pods/Target Support Files/Pods-PhotoMap/Pods-PhotoMap-frameworks.sh\"\n";
			showEnvVarsInLog = 0;
		};
		67214939EE5CB5AA816A80BA /* [CP] Check Pods Manifest.lock */ = {
			isa = PBXShellScriptBuildPhase;
			buildActionMask = 2147483647;
			files = (
			);
			inputPaths = (
			);
			name = "[CP] Check Pods Manifest.lock";
			outputPaths = (
			);
			runOnlyForDeploymentPostprocessing = 0;
			shellPath = /bin/sh;
			shellScript = "diff \"${PODS_ROOT}/../Podfile.lock\" \"${PODS_ROOT}/Manifest.lock\" > /dev/null\nif [[ $? != 0 ]] ; then\n    cat << EOM\nerror: The sandbox is not in sync with the Podfile.lock. Run 'pod install' or update your CocoaPods installation.\nEOM\n    exit 1\nfi\n";
			showEnvVarsInLog = 0;
		};
		925865E813B72A0515919B49 /* Embed Pods Frameworks */ = {
			isa = PBXShellScriptBuildPhase;
			buildActionMask = 2147483647;
			files = (
			);
			inputPaths = (
			);
			name = "Embed Pods Frameworks";
			outputPaths = (
			);
			runOnlyForDeploymentPostprocessing = 0;
			shellPath = /bin/sh;
			shellScript = "\"${SRCROOT}/Pods/Target Support Files/Pods-PhotoMap/Pods-PhotoMap-frameworks.sh\"\n";
			showEnvVarsInLog = 0;
		};
		ADBA9A772F2D450B8CD97BE7 /* [CP] Copy Pods Resources */ = {
			isa = PBXShellScriptBuildPhase;
			buildActionMask = 2147483647;
			files = (
			);
			inputPaths = (
			);
			name = "[CP] Copy Pods Resources";
			outputPaths = (
			);
			runOnlyForDeploymentPostprocessing = 0;
			shellPath = /bin/sh;
			shellScript = "\"${SRCROOT}/Pods/Target Support Files/Pods-PhotoMap/Pods-PhotoMap-resources.sh\"\n";
			showEnvVarsInLog = 0;
		};
		E1F174220000000000000000 /* ShellScript */ = {
			isa = PBXShellScriptBuildPhase;
			buildActionMask = 2147483647;
			files = (
			);
			inputPaths = (
			);
			outputPaths = (
			);
			runOnlyForDeploymentPostprocessing = 0;
			shellPath = /bin/sh;
			shellScript = "bash \"${BUILT_PRODUCTS_DIR}/${FRAMEWORKS_FOLDER_PATH}/AWSCore.framework/strip-frameworks.sh\"";
		};
		E1F174220000000000000001 /* ShellScript */ = {
			isa = PBXShellScriptBuildPhase;
			buildActionMask = 2147483647;
			files = (
			);
			inputPaths = (
			);
			outputPaths = (
			);
			runOnlyForDeploymentPostprocessing = 0;
			shellPath = /bin/sh;
			shellScript = "FILE=${SRCROOT}/MySampleApp/Sdk/CheckXcodeVersion.sh\nif [ -e $FILE ]; then\n    $FILE\nfi";
		};
/* End PBXShellScriptBuildPhase section */

/* Begin PBXSourcesBuildPhase section */
		1870857F0000000000000000 /* Sources */ = {
			isa = PBXSourcesBuildPhase;
			buildActionMask = 2147483647;
			files = (
				45FBD3FF1D52F2F200881DC9 /* ImageCollectionViewCell.swift in Sources */,
				45FBD4121D52F30100881DC9 /* Queue.swift in Sources */,
				456447571D5E1B69000BC22A /* Fundation+.swift in Sources */,
				45F99D711D6C2D230029EC08 /* PhotoDetailTableViewController.swift in Sources */,
				45FBD42C1D59B3B700881DC9 /* UIViewController+.swift in Sources */,
				4553EB861D58CCC20003368D /* AWSTask+Rx.swift in Sources */,
				45FBD4041D52F2F200881DC9 /* UploadPhotoTableViewController.swift in Sources */,
				45FBD4211D5969A800881DC9 /* InfoPlist.swift in Sources */,
				45FBD4061D52F2F200881DC9 /* PushNotificationTableViewController.swift in Sources */,
				453D7F041D5D957D009C1B0D /* UICollectionViewCell+Rx.swift in Sources */,
				4553EB971D5B5DE00003368D /* AWSMobileClient.swift in Sources */,
				45FBD4111D52F30100881DC9 /* AWSS3+.swift in Sources */,
				45FBD4181D587B1E00881DC9 /* AWSUserDefaults+.swift in Sources */,
				45FBD3FD1D52F2F200881DC9 /* LoginViewController.swift in Sources */,
				45FBD3FA1D52F2F200881DC9 /* ConfirmCodeViewController.swift in Sources */,
				45F99D751D6D6CC10029EC08 /* CellSelfSized.swift in Sources */,
				45FBD4281D59A6DC00881DC9 /* UIKit+.swift in Sources */,
				45F99D6F1D6BF59D0029EC08 /* AWSModelHasCreationDate.swift in Sources */,
				4553EB841D576DA70003368D /* AWSDynamoDB+Rx.swift in Sources */,
				453D7EF31D5AF682009C1B0D /* UIView+IBInspectable.swift in Sources */,
				4564475B1D60173C000BC22A /* NSJSONSerialization+.swift in Sources */,
				45FBD3FC1D52F2F200881DC9 /* LoginProvider.swift in Sources */,
				453D7F0A1D5DC680009C1B0D /* Link.swift in Sources */,
				45FC6B0F1D747E3C0012D86E /* UserDetailTableViewController.swift in Sources */,
				E7A30F04F215D26B00000000 /* AppDelegate.swift in Sources */,
				453D7EED1D5AC4B3009C1B0D /* NSObject+Rx.swift in Sources */,
				453D7F021D5D71B4009C1B0D /* UsersTableViewController.swift in Sources */,
				45FBD42A1D59ADE000881DC9 /* MenuDetailController.swift in Sources */,
				453D7EEF1D5ACEF0009C1B0D /* NSObject+objc_Value.swift in Sources */,
				45FBD4031D52F2F200881DC9 /* Phpto.swift in Sources */,
				453D7EF61D5B2668009C1B0D /* CoreGraphics+.swift in Sources */,
				45FBD3FE1D52F2F200881DC9 /* SignUpViewController.swift in Sources */,
				45F99D731D6C312E0029EC08 /* AddCommentViewController.swift in Sources */,
				4553EBA11D5B787B0003368D /* AWSIdentityManager+Rx.swift in Sources */,
				45FBD4241D596CF600881DC9 /* UIImageView+Rx.swift in Sources */,
				45F99D771D6D73280029EC08 /* PhotoTableViewCell.swift in Sources */,
				45FBD4021D52F2F200881DC9 /* PhotosCollectionViewController.swift in Sources */,
				455239AD1D752C4F0001B534 /* FlatVariable.swift in Sources */,
				4553EB9D1D5B61C70003368D /* UserInfo.swift in Sources */,
				4564475D1D6017DD000BC22A /* AWSDynamoDBObjectModelType.swift in Sources */,
				4553EB9F1D5B69B90003368D /* AWSMobileClient+.swift in Sources */,
				453D7EFE1D5D601B009C1B0D /* DetailController.swift in Sources */,
				453D7F001D5D6040009C1B0D /* HasMenuDetailController.swift in Sources */,
				456447591D5E1BDB000BC22A /* NSURL+.swift in Sources */,
				4530E58A1D59D31300A09AF0 /* MenuViewController.swift in Sources */,
			);
			runOnlyForDeploymentPostprocessing = 0;
		};
/* End PBXSourcesBuildPhase section */

/* Begin XCBuildConfiguration section */
		49524373386D956C00000000 /* Release */ = {
			isa = XCBuildConfiguration;
			buildSettings = {
				ALWAYS_SEARCH_USER_PATHS = NO;
				CLANG_CXX_LANGUAGE_STANDARD = "gnu++0x";
				CLANG_CXX_LIBRARY = "libc++";
				CLANG_ENABLE_MODULES = YES;
				CLANG_ENABLE_OBJC_ARC = YES;
				CLANG_WARN_BOOL_CONVERSION = YES;
				CLANG_WARN_CONSTANT_CONVERSION = YES;
				CLANG_WARN_DIRECT_OBJC_ISA_USAGE = YES_ERROR;
				CLANG_WARN_EMPTY_BODY = YES;
				CLANG_WARN_ENUM_CONVERSION = YES;
				CLANG_WARN_INFINITE_RECURSION = YES;
				CLANG_WARN_INT_CONVERSION = YES;
				CLANG_WARN_OBJC_ROOT_CLASS = YES_ERROR;
				CLANG_WARN_SUSPICIOUS_MOVE = YES;
				CLANG_WARN_UNREACHABLE_CODE = YES;
				CLANG_WARN__DUPLICATE_METHOD_MATCH = YES;
				"CODE_SIGN_IDENTITY[sdk=iphoneos*]" = "iPhone Developer";
				COPY_PHASE_STRIP = NO;
				DEBUG_INFORMATION_FORMAT = "dwarf-with-dsym";
				ENABLE_NS_ASSERTIONS = NO;
				ENABLE_STRICT_OBJC_MSGSEND = YES;
				GCC_C_LANGUAGE_STANDARD = gnu99;
				GCC_NO_COMMON_BLOCKS = YES;
				GCC_WARN_64_TO_32_BIT_CONVERSION = YES;
				GCC_WARN_ABOUT_RETURN_TYPE = YES_ERROR;
				GCC_WARN_UNDECLARED_SELECTOR = YES;
				GCC_WARN_UNINITIALIZED_AUTOS = YES_AGGRESSIVE;
				GCC_WARN_UNUSED_FUNCTION = YES;
				GCC_WARN_UNUSED_VARIABLE = YES;
				IPHONEOS_DEPLOYMENT_TARGET = 8.0;
				MTL_ENABLE_DEBUG_INFO = NO;
				ONLY_ACTIVE_ARCH = NO;
				OTHER_LDFLAGS = (
					"-force_load",
					"$(PROJECT_DIR)/PhotoMap/Sdk/Google/GoogleSignIn.framework/GoogleSignIn",
					"-force_load",
					"$(PROJECT_DIR)/PhotoMap/Sdk/Google/GoogleUtilities.framework/GoogleUtilities",
					"$(OTHER_LDFLAGS)",
				);
				SDKROOT = iphoneos;
				SWIFT_OPTIMIZATION_LEVEL = "-Owholemodule";
				TARGETED_DEVICE_FAMILY = "1,2";
				VALIDATE_PRODUCT = YES;
			};
			name = Release;
		};
		49524373386D956C00000001 /* Release */ = {
			isa = XCBuildConfiguration;
			baseConfigurationReference = 29C00F262075FB7CE001A831 /* Pods-PhotoMap.release.xcconfig */;
			buildSettings = {
				ALWAYS_EMBED_SWIFT_STANDARD_LIBRARIES = YES;
				ASSETCATALOG_COMPILER_APPICON_NAME = AppIcon;
				CODE_SIGN_ENTITLEMENTS = PhotoMap/PhotoMap.entitlements;
				CODE_SIGN_IDENTITY = "iPhone Developer";
				DEVELOPMENT_TEAM = 6BDKUNMM63;
				ENABLE_BITCODE = NO;
				FRAMEWORK_SEARCH_PATHS = (
					"$(inherited)",
					"$(PROJECT_DIR)",
					"$(PROJECT_DIR)/PhotoMap/Sdk/Aws",
					"$(PROJECT_DIR)/PhotoMap/Sdk/Aws/extras",
					"$(PROJECT_DIR)/PhotoMap/Sdk/Facebook",
					"$(PROJECT_DIR)/PhotoMap/Sdk/Google",
					"$(PROJECT_DIR)/PhotoMap/SupportingFiles/AmazonAws",
				);
				INFOPLIST_FILE = "$(SRCROOT)/PhotoMap/SupportingFiles/Info.plist";
				IPHONEOS_DEPLOYMENT_TARGET = 9.0;
				LD_RUNPATH_SEARCH_PATHS = "$(inherited) @executable_path/Frameworks";
				OTHER_LDFLAGS = (
					"-force_load",
					"$(PROJECT_DIR)/PhotoMap/Sdk/Google/GoogleSignIn.framework/GoogleSignIn",
					"-force_load",
					"$(PROJECT_DIR)/PhotoMap/Sdk/Google/GoogleUtilities.framework/GoogleUtilities",
					"$(OTHER_LDFLAGS)",
				);
				PRODUCT_BUNDLE_IDENTIFIER = cn.beeth0ven.PhotoMap;
				PRODUCT_NAME = PhotoMap;
				SWIFT_VERSION = 3.0;
				TARGETED_DEVICE_FAMILY = "1,2";
			};
			name = Release;
		};
		4952437346F3E10800000000 /* Debug */ = {
			isa = XCBuildConfiguration;
			buildSettings = {
				ALWAYS_SEARCH_USER_PATHS = NO;
				CLANG_CXX_LANGUAGE_STANDARD = "gnu++0x";
				CLANG_CXX_LIBRARY = "libc++";
				CLANG_ENABLE_MODULES = YES;
				CLANG_ENABLE_OBJC_ARC = YES;
				CLANG_WARN_BOOL_CONVERSION = YES;
				CLANG_WARN_CONSTANT_CONVERSION = YES;
				CLANG_WARN_DIRECT_OBJC_ISA_USAGE = YES_ERROR;
				CLANG_WARN_EMPTY_BODY = YES;
				CLANG_WARN_ENUM_CONVERSION = YES;
				CLANG_WARN_INFINITE_RECURSION = YES;
				CLANG_WARN_INT_CONVERSION = YES;
				CLANG_WARN_OBJC_ROOT_CLASS = YES_ERROR;
				CLANG_WARN_SUSPICIOUS_MOVE = YES;
				CLANG_WARN_UNREACHABLE_CODE = YES;
				CLANG_WARN__DUPLICATE_METHOD_MATCH = YES;
				"CODE_SIGN_IDENTITY[sdk=iphoneos*]" = "iPhone Developer";
				COPY_PHASE_STRIP = NO;
				DEBUG_INFORMATION_FORMAT = "dwarf-with-dsym";
				ENABLE_STRICT_OBJC_MSGSEND = YES;
				ENABLE_TESTABILITY = YES;
				GCC_C_LANGUAGE_STANDARD = gnu99;
				GCC_DYNAMIC_NO_PIC = NO;
				GCC_NO_COMMON_BLOCKS = YES;
				GCC_OPTIMIZATION_LEVEL = 0;
				GCC_PREPROCESSOR_DEFINITIONS = (
					"DEBUG=1",
					"$(inherited)",
				);
				GCC_SYMBOLS_PRIVATE_EXTERN = NO;
				GCC_WARN_64_TO_32_BIT_CONVERSION = YES;
				GCC_WARN_ABOUT_RETURN_TYPE = YES_ERROR;
				GCC_WARN_UNDECLARED_SELECTOR = YES;
				GCC_WARN_UNINITIALIZED_AUTOS = YES_AGGRESSIVE;
				GCC_WARN_UNUSED_FUNCTION = YES;
				GCC_WARN_UNUSED_VARIABLE = YES;
				IPHONEOS_DEPLOYMENT_TARGET = 8.0;
				MTL_ENABLE_DEBUG_INFO = YES;
				ONLY_ACTIVE_ARCH = YES;
				OTHER_LDFLAGS = (
					"-force_load",
					"$(PROJECT_DIR)/PhotoMap/Sdk/Google/GoogleSignIn.framework/GoogleSignIn",
					"-force_load",
					"$(PROJECT_DIR)/PhotoMap/Sdk/Google/GoogleUtilities.framework/GoogleUtilities",
					"$(OTHER_LDFLAGS)",
				);
				SDKROOT = iphoneos;
				SWIFT_OPTIMIZATION_LEVEL = "-Onone";
				TARGETED_DEVICE_FAMILY = "1,2";
			};
			name = Debug;
		};
		4952437346F3E10800000001 /* Debug */ = {
			isa = XCBuildConfiguration;
			baseConfigurationReference = 360F7D06CCF31E01A2EEBC65 /* Pods-PhotoMap.debug.xcconfig */;
			buildSettings = {
				ALWAYS_EMBED_SWIFT_STANDARD_LIBRARIES = YES;
				ASSETCATALOG_COMPILER_APPICON_NAME = AppIcon;
				CODE_SIGN_ENTITLEMENTS = PhotoMap/PhotoMap.entitlements;
				CODE_SIGN_IDENTITY = "iPhone Developer";
				DEVELOPMENT_TEAM = 6BDKUNMM63;
				ENABLE_BITCODE = NO;
				FRAMEWORK_SEARCH_PATHS = (
					"$(inherited)",
					"$(PROJECT_DIR)",
					"$(PROJECT_DIR)/PhotoMap/Sdk/Aws",
					"$(PROJECT_DIR)/PhotoMap/Sdk/Aws/extras",
					"$(PROJECT_DIR)/PhotoMap/Sdk/Facebook",
					"$(PROJECT_DIR)/PhotoMap/Sdk/Google",
					"$(PROJECT_DIR)/PhotoMap/SupportingFiles/AmazonAws",
				);
				GCC_OPTIMIZATION_LEVEL = 0;
				INFOPLIST_FILE = "$(SRCROOT)/PhotoMap/SupportingFiles/Info.plist";
				IPHONEOS_DEPLOYMENT_TARGET = 9.0;
				LD_RUNPATH_SEARCH_PATHS = "$(inherited) @executable_path/Frameworks";
				OTHER_LDFLAGS = (
					"-force_load",
					"$(PROJECT_DIR)/PhotoMap/Sdk/Google/GoogleSignIn.framework/GoogleSignIn",
					"-force_load",
					"$(PROJECT_DIR)/PhotoMap/Sdk/Google/GoogleUtilities.framework/GoogleUtilities",
					"$(OTHER_LDFLAGS)",
				);
				PRODUCT_BUNDLE_IDENTIFIER = cn.beeth0ven.PhotoMap;
				PRODUCT_NAME = PhotoMap;
				SWIFT_OPTIMIZATION_LEVEL = "-Onone";
				SWIFT_VERSION = 3.0;
				TARGETED_DEVICE_FAMILY = "1,2";
			};
			name = Debug;
		};
/* End XCBuildConfiguration section */

/* Begin XCConfigurationList section */
		218C37090000000000000000 /* Build configuration list for PBXProject "PhotoMap" */ = {
			isa = XCConfigurationList;
			buildConfigurations = (
				4952437346F3E10800000000 /* Debug */,
				49524373386D956C00000000 /* Release */,
			);
			defaultConfigurationIsVisible = 0;
			defaultConfigurationName = Release;
		};
		218C37090000000000000001 /* Build configuration list for PBXNativeTarget "PhotoMap" */ = {
			isa = XCConfigurationList;
			buildConfigurations = (
				4952437346F3E10800000001 /* Debug */,
				49524373386D956C00000001 /* Release */,
			);
			defaultConfigurationIsVisible = 0;
			defaultConfigurationName = Release;
		};
/* End XCConfigurationList section */
	};
	rootObject = 96C847930000000000000000 /* Project object */;
}
